
Microsoft Visual Studio Solution File, Format Version 12.00
# Visual Studio Version 16
VisualStudioVersion = 16.0.33927.289
MinimumVisualStudioVersion = 10.0.40219.1
Project("{2150E333-8FDC-42A3-9474-1A3956D46DE8}") = "Task0", "Task0", "{2861533B-9F3C-4716-A9C5-70A03B5C33E7}"
EndProject
Project("{FAE04EC0-301F-11D3-BF4B-00C04F79EFBC}") = "Tyuiu.IbrayevAA.Sprint6.Task0.V7.Lib", "Tyuiu.IbrayevAA.Sprint6.Task0.V7.Lib\Tyuiu.IbrayevAA.Sprint6.Task0.V7.Lib.csproj", "{50FDC2A1-A97D-4B83-9D58-D310709EEDEF}"
EndProject
Project("{FAE04EC0-301F-11D3-BF4B-00C04F79EFBC}") = "Tyuiu.IbrayevAA.Sprint6.Task0.V7.Test", "Tyuiu.IbrayevAA.Sprint6.Task0.V7.Test\Tyuiu.IbrayevAA.Sprint6.Task0.V7.Test.csproj", "{4A93925C-2308-49D6-A566-A3CF17293F52}"
EndProject
Project("{FAE04EC0-301F-11D3-BF4B-00C04F79EFBC}") = "Tyuiu.IbrayevAA.Sprint6.Task0.V7", "Tyuiu.IbrayevAA.Sprint6.Task0.V7\Tyuiu.IbrayevAA.Sprint6.Task0.V7.csproj", "{D4C59469-CEFE-4112-9592-E302E239548C}"
EndProject
Project("{2150E333-8FDC-42A3-9474-1A3956D46DE8}") = "Task1", "Task1", "{DADB7E70-73F9-4944-87FC-04A014F8DF8A}"
EndProject
Project("{FAE04EC0-301F-11D3-BF4B-00C04F79EFBC}") = "Tyuiu.IbrayevAA.Sprint6.Task1.V13", "Tyuiu.IbrayevAA.Sprint6.Task1.V13\Tyuiu.IbrayevAA.Sprint6.Task1.V13.csproj", "{2CF75FB9-AE32-47F6-9D7C-C9111EB47230}"
EndProject
Project("{FAE04EC0-301F-11D3-BF4B-00C04F79EFBC}") = "Tyuiu.IbrayevAA.Sprint6.Task1.V13.Lib", "Tyuiu.IbrayevAA.Sprint6.Task1.V13.Lib\Tyuiu.IbrayevAA.Sprint6.Task1.V13.Lib.csproj", "{AF1550A6-1BA5-4073-98E5-571CA7462443}"
EndProject
Project("{FAE04EC0-301F-11D3-BF4B-00C04F79EFBC}") = "Tyuiu.IbrayevAA.Sprint6.Task1.V13.Test", "Tyuiu.IbrayevAA.Sprint6.Task1.V13.Test\Tyuiu.IbrayevAA.Sprint6.Task1.V13.Test.csproj", "{F3348095-2E46-48FB-93EC-6CB5E464A2C2}"
EndProject
Project("{2150E333-8FDC-42A3-9474-1A3956D46DE8}") = "Task2", "Task2", "{448C4A99-3E86-4E23-87FA-A73620368931}"
EndProject
Project("{FAE04EC0-301F-11D3-BF4B-00C04F79EFBC}") = "Tyuiu.IbrayevAA.Sprint6.Task2.V23", "Tyuiu.IbrayevAA.Sprint6.Task2.V23\Tyuiu.IbrayevAA.Sprint6.Task2.V23.csproj", "{FAD771D2-F88A-4D70-9F04-4C506C49BE2F}"
EndProject
Project("{FAE04EC0-301F-11D3-BF4B-00C04F79EFBC}") = "Tyuiu.IbrayevAA.Sprint6.Task2.V23.Lib", "Tyuiu.IbrayevAA.Sprint6.Task2.V23.Lib\Tyuiu.IbrayevAA.Sprint6.Task2.V23.Lib.csproj", "{ED6CA332-9038-41A6-BD7C-990DEF6C410D}"
EndProject
Project("{FAE04EC0-301F-11D3-BF4B-00C04F79EFBC}") = "Tyuiu.IbrayevAA.Sprint6.Task2.V23.Test", "Tyuiu.IbrayevAA.Sprint6.Task2.V23.Test\Tyuiu.IbrayevAA.Sprint6.Task2.V23.Test.csproj", "{3298C2E5-AA74-45BF-8BA6-88EF73850CF7}"
EndProject
Project("{2150E333-8FDC-42A3-9474-1A3956D46DE8}") = "Task3", "Task3", "{4C72F5DE-D641-4957-B4CE-4E86BC421E5C}"
EndProject
Project("{FAE04EC0-301F-11D3-BF4B-00C04F79EFBC}") = "Tyuiu.IbrayevAA.Sprint6.Task3.V11", "Tyuiu.IbrayevAA.Sprint6.Task3.V11\Tyuiu.IbrayevAA.Sprint6.Task3.V11.csproj", "{BE800171-5D1D-4BEF-92D7-A9CACD9B8BAD}"
EndProject
Project("{FAE04EC0-301F-11D3-BF4B-00C04F79EFBC}") = "Tyuiu.IbrayevAA.Sprint6.Task3.V11.Lib", "Tyuiu.IbrayevAA.Sprint6.Task3.V11.Lib\Tyuiu.IbrayevAA.Sprint6.Task3.V11.Lib.csproj", "{40C5EEF5-6959-4970-82E2-21F81B3CAC45}"
EndProject
Project("{FAE04EC0-301F-11D3-BF4B-00C04F79EFBC}") = "Tyuiu.IbrayevAA.Sprint6.Task3.V11.Test", "Tyuiu.IbrayevAA.Sprint6.Task3.V11.Test\Tyuiu.IbrayevAA.Sprint6.Task3.V11.Test.csproj", "{E85B682D-BAE9-48E6-A48F-0510C082F0AB}"
EndProject
Project("{2150E333-8FDC-42A3-9474-1A3956D46DE8}") = "Task4", "Task4", "{31FB8709-1BBB-4405-B081-E972A0BDAEAB}"
EndProject
Project("{FAE04EC0-301F-11D3-BF4B-00C04F79EFBC}") = "Tyuiu.IbrayevAA.Sprint6.Task4.V20", "Tyuiu.IbrayevAA.Sprint6.Task4.V20\Tyuiu.IbrayevAA.Sprint6.Task4.V20.csproj", "{92CAB75A-8BFD-45BB-962C-6273CFE99CC8}"
EndProject
Project("{FAE04EC0-301F-11D3-BF4B-00C04F79EFBC}") = "Tyuiu.IbrayevAA.Sprint6.Task4.V20.Lib", "Tyuiu.IbrayevAA.Sprint6.Task4.V20.Lib\Tyuiu.IbrayevAA.Sprint6.Task4.V20.Lib.csproj", "{A33E0759-4B7A-47F6-BA28-3DE460A5D9D8}"
EndProject
Project("{FAE04EC0-301F-11D3-BF4B-00C04F79EFBC}") = "Tyuiu.IbrayevAA.Sprint6.Task4.V20.Test", "Tyuiu.IbrayevAA.Sprint6.Task4.V20.Test\Tyuiu.IbrayevAA.Sprint6.Task4.V20.Test.csproj", "{BEBA0356-F041-43A8-B7B2-5D82475E6256}"
EndProject
Project("{2150E333-8FDC-42A3-9474-1A3956D46DE8}") = "Task5", "Task5", "{AF78B493-A075-400D-9161-E324020F117D}"
EndProject
Project("{FAE04EC0-301F-11D3-BF4B-00C04F79EFBC}") = "Tyuiu.IbrayevAA.Sprint6.Task5.V5", "Tyuiu.IbrayevAA.Sprint6.Task5.V5\Tyuiu.IbrayevAA.Sprint6.Task5.V5.csproj", "{4F9D46B7-DDE5-4BB0-B27D-BD4408942921}"
EndProject
Project("{FAE04EC0-301F-11D3-BF4B-00C04F79EFBC}") = "Tyuiu.IbrayevAA.Sprint6.Task5.V5.Lib", "Tyuiu.IbrayevAA.Sprint6.Task5.V5.Lib\Tyuiu.IbrayevAA.Sprint6.Task5.V5.Lib.csproj", "{41AA9D2D-388E-4EEE-9E9C-926104ED2282}"
EndProject
Project("{FAE04EC0-301F-11D3-BF4B-00C04F79EFBC}") = "Tyuiu.IbrayevAA.Sprint6.Task5.V5.Test", "Tyuiu.IbrayevAA.Sprint6.Task5.V5.Test\Tyuiu.IbrayevAA.Sprint6.Task5.V5.Test.csproj", "{1C29B334-FA6F-4E5A-BAA2-F867B94F9938}"
EndProject
Global
	GlobalSection(SolutionConfigurationPlatforms) = preSolution
		Debug|Any CPU = Debug|Any CPU
		Release|Any CPU = Release|Any CPU
	EndGlobalSection
	GlobalSection(ProjectConfigurationPlatforms) = postSolution
		{50FDC2A1-A97D-4B83-9D58-D310709EEDEF}.Debug|Any CPU.ActiveCfg = Debug|Any CPU
		{50FDC2A1-A97D-4B83-9D58-D310709EEDEF}.Debug|Any CPU.Build.0 = Debug|Any CPU
		{50FDC2A1-A97D-4B83-9D58-D310709EEDEF}.Release|Any CPU.ActiveCfg = Release|Any CPU
		{50FDC2A1-A97D-4B83-9D58-D310709EEDEF}.Release|Any CPU.Build.0 = Release|Any CPU
		{4A93925C-2308-49D6-A566-A3CF17293F52}.Debug|Any CPU.ActiveCfg = Debug|Any CPU
		{4A93925C-2308-49D6-A566-A3CF17293F52}.Debug|Any CPU.Build.0 = Debug|Any CPU
		{4A93925C-2308-49D6-A566-A3CF17293F52}.Release|Any CPU.ActiveCfg = Release|Any CPU
		{4A93925C-2308-49D6-A566-A3CF17293F52}.Release|Any CPU.Build.0 = Release|Any CPU
		{D4C59469-CEFE-4112-9592-E302E239548C}.Debug|Any CPU.ActiveCfg = Debug|Any CPU
		{D4C59469-CEFE-4112-9592-E302E239548C}.Debug|Any CPU.Build.0 = Debug|Any CPU
		{D4C59469-CEFE-4112-9592-E302E239548C}.Release|Any CPU.ActiveCfg = Release|Any CPU
		{D4C59469-CEFE-4112-9592-E302E239548C}.Release|Any CPU.Build.0 = Release|Any CPU
		{2CF75FB9-AE32-47F6-9D7C-C9111EB47230}.Debug|Any CPU.ActiveCfg = Debug|Any CPU
		{2CF75FB9-AE32-47F6-9D7C-C9111EB47230}.Debug|Any CPU.Build.0 = Debug|Any CPU
		{2CF75FB9-AE32-47F6-9D7C-C9111EB47230}.Release|Any CPU.ActiveCfg = Release|Any CPU
		{2CF75FB9-AE32-47F6-9D7C-C9111EB47230}.Release|Any CPU.Build.0 = Release|Any CPU
		{AF1550A6-1BA5-4073-98E5-571CA7462443}.Debug|Any CPU.ActiveCfg = Debug|Any CPU
		{AF1550A6-1BA5-4073-98E5-571CA7462443}.Debug|Any CPU.Build.0 = Debug|Any CPU
		{AF1550A6-1BA5-4073-98E5-571CA7462443}.Release|Any CPU.ActiveCfg = Release|Any CPU
		{AF1550A6-1BA5-4073-98E5-571CA7462443}.Release|Any CPU.Build.0 = Release|Any CPU
		{F3348095-2E46-48FB-93EC-6CB5E464A2C2}.Debug|Any CPU.ActiveCfg = Debug|Any CPU
		{F3348095-2E46-48FB-93EC-6CB5E464A2C2}.Debug|Any CPU.Build.0 = Debug|Any CPU
		{F3348095-2E46-48FB-93EC-6CB5E464A2C2}.Release|Any CPU.ActiveCfg = Release|Any CPU
		{F3348095-2E46-48FB-93EC-6CB5E464A2C2}.Release|Any CPU.Build.0 = Release|Any CPU
		{FAD771D2-F88A-4D70-9F04-4C506C49BE2F}.Debug|Any CPU.ActiveCfg = Debug|Any CPU
		{FAD771D2-F88A-4D70-9F04-4C506C49BE2F}.Debug|Any CPU.Build.0 = Debug|Any CPU
		{FAD771D2-F88A-4D70-9F04-4C506C49BE2F}.Release|Any CPU.ActiveCfg = Release|Any CPU
		{FAD771D2-F88A-4D70-9F04-4C506C49BE2F}.Release|Any CPU.Build.0 = Release|Any CPU
		{ED6CA332-9038-41A6-BD7C-990DEF6C410D}.Debug|Any CPU.ActiveCfg = Debug|Any CPU
		{ED6CA332-9038-41A6-BD7C-990DEF6C410D}.Debug|Any CPU.Build.0 = Debug|Any CPU
		{ED6CA332-9038-41A6-BD7C-990DEF6C410D}.Release|Any CPU.ActiveCfg = Release|Any CPU
		{ED6CA332-9038-41A6-BD7C-990DEF6C410D}.Release|Any CPU.Build.0 = Release|Any CPU
		{3298C2E5-AA74-45BF-8BA6-88EF73850CF7}.Debug|Any CPU.ActiveCfg = Debug|Any CPU
		{3298C2E5-AA74-45BF-8BA6-88EF73850CF7}.Debug|Any CPU.Build.0 = Debug|Any CPU
		{3298C2E5-AA74-45BF-8BA6-88EF73850CF7}.Release|Any CPU.ActiveCfg = Release|Any CPU
		{3298C2E5-AA74-45BF-8BA6-88EF73850CF7}.Release|Any CPU.Build.0 = Release|Any CPU
		{BE800171-5D1D-4BEF-92D7-A9CACD9B8BAD}.Debug|Any CPU.ActiveCfg = Debug|Any CPU
		{BE800171-5D1D-4BEF-92D7-A9CACD9B8BAD}.Debug|Any CPU.Build.0 = Debug|Any CPU
		{BE800171-5D1D-4BEF-92D7-A9CACD9B8BAD}.Release|Any CPU.ActiveCfg = Release|Any CPU
		{BE800171-5D1D-4BEF-92D7-A9CACD9B8BAD}.Release|Any CPU.Build.0 = Release|Any CPU
		{40C5EEF5-6959-4970-82E2-21F81B3CAC45}.Debug|Any CPU.ActiveCfg = Debug|Any CPU
		{40C5EEF5-6959-4970-82E2-21F81B3CAC45}.Debug|Any CPU.Build.0 = Debug|Any CPU
		{40C5EEF5-6959-4970-82E2-21F81B3CAC45}.Release|Any CPU.ActiveCfg = Release|Any CPU
		{40C5EEF5-6959-4970-82E2-21F81B3CAC45}.Release|Any CPU.Build.0 = Release|Any CPU
		{E85B682D-BAE9-48E6-A48F-0510C082F0AB}.Debug|Any CPU.ActiveCfg = Debug|Any CPU
		{E85B682D-BAE9-48E6-A48F-0510C082F0AB}.Debug|Any CPU.Build.0 = Debug|Any CPU
		{E85B682D-BAE9-48E6-A48F-0510C082F0AB}.Release|Any CPU.ActiveCfg = Release|Any CPU
		{E85B682D-BAE9-48E6-A48F-0510C082F0AB}.Release|Any CPU.Build.0 = Release|Any CPU
		{92CAB75A-8BFD-45BB-962C-6273CFE99CC8}.Debug|Any CPU.ActiveCfg = Debug|Any CPU
		{92CAB75A-8BFD-45BB-962C-6273CFE99CC8}.Debug|Any CPU.Build.0 = Debug|Any CPU
		{92CAB75A-8BFD-45BB-962C-6273CFE99CC8}.Release|Any CPU.ActiveCfg = Release|Any CPU
		{92CAB75A-8BFD-45BB-962C-6273CFE99CC8}.Release|Any CPU.Build.0 = Release|Any CPU
		{A33E0759-4B7A-47F6-BA28-3DE460A5D9D8}.Debug|Any CPU.ActiveCfg = Debug|Any CPU
		{A33E0759-4B7A-47F6-BA28-3DE460A5D9D8}.Debug|Any CPU.Build.0 = Debug|Any CPU
		{A33E0759-4B7A-47F6-BA28-3DE460A5D9D8}.Release|Any CPU.ActiveCfg = Release|Any CPU
		{A33E0759-4B7A-47F6-BA28-3DE460A5D9D8}.Release|Any CPU.Build.0 = Release|Any CPU
		{BEBA0356-F041-43A8-B7B2-5D82475E6256}.Debug|Any CPU.ActiveCfg = Debug|Any CPU
		{BEBA0356-F041-43A8-B7B2-5D82475E6256}.Debug|Any CPU.Build.0 = Debug|Any CPU
		{BEBA0356-F041-43A8-B7B2-5D82475E6256}.Release|Any CPU.ActiveCfg = Release|Any CPU
		{BEBA0356-F041-43A8-B7B2-5D82475E6256}.Release|Any CPU.Build.0 = Release|Any CPU
		{4F9D46B7-DDE5-4BB0-B27D-BD4408942921}.Debug|Any CPU.ActiveCfg = Debug|Any CPU
		{4F9D46B7-DDE5-4BB0-B27D-BD4408942921}.Debug|Any CPU.Build.0 = Debug|Any CPU
		{4F9D46B7-DDE5-4BB0-B27D-BD4408942921}.Release|Any CPU.ActiveCfg = Release|Any CPU
		{4F9D46B7-DDE5-4BB0-B27D-BD4408942921}.Release|Any CPU.Build.0 = Release|Any CPU
		{41AA9D2D-388E-4EEE-9E9C-926104ED2282}.Debug|Any CPU.ActiveCfg = Debug|Any CPU
		{41AA9D2D-388E-4EEE-9E9C-926104ED2282}.Debug|Any CPU.Build.0 = Debug|Any CPU
		{41AA9D2D-388E-4EEE-9E9C-926104ED2282}.Release|Any CPU.ActiveCfg = Release|Any CPU
		{41AA9D2D-388E-4EEE-9E9C-926104ED2282}.Release|Any CPU.Build.0 = Release|Any CPU
		{1C29B334-FA6F-4E5A-BAA2-F867B94F9938}.Debug|Any CPU.ActiveCfg = Debug|Any CPU
		{1C29B334-FA6F-4E5A-BAA2-F867B94F9938}.Debug|Any CPU.Build.0 = Debug|Any CPU
		{1C29B334-FA6F-4E5A-BAA2-F867B94F9938}.Release|Any CPU.ActiveCfg = Release|Any CPU
		{1C29B334-FA6F-4E5A-BAA2-F867B94F9938}.Release|Any CPU.Build.0 = Release|Any CPU
	EndGlobalSection
	GlobalSection(SolutionProperties) = preSolution
		HideSolutionNode = FALSE
	EndGlobalSection
	GlobalSection(NestedProjects) = preSolution
		{50FDC2A1-A97D-4B83-9D58-D310709EEDEF} = {2861533B-9F3C-4716-A9C5-70A03B5C33E7}
		{4A93925C-2308-49D6-A566-A3CF17293F52} = {2861533B-9F3C-4716-A9C5-70A03B5C33E7}
		{D4C59469-CEFE-4112-9592-E302E239548C} = {2861533B-9F3C-4716-A9C5-70A03B5C33E7}
		{2CF75FB9-AE32-47F6-9D7C-C9111EB47230} = {DADB7E70-73F9-4944-87FC-04A014F8DF8A}
		{AF1550A6-1BA5-4073-98E5-571CA7462443} = {DADB7E70-73F9-4944-87FC-04A014F8DF8A}
		{F3348095-2E46-48FB-93EC-6CB5E464A2C2} = {DADB7E70-73F9-4944-87FC-04A014F8DF8A}
		{FAD771D2-F88A-4D70-9F04-4C506C49BE2F} = {448C4A99-3E86-4E23-87FA-A73620368931}
		{ED6CA332-9038-41A6-BD7C-990DEF6C410D} = {448C4A99-3E86-4E23-87FA-A73620368931}
		{3298C2E5-AA74-45BF-8BA6-88EF73850CF7} = {448C4A99-3E86-4E23-87FA-A73620368931}
		{BE800171-5D1D-4BEF-92D7-A9CACD9B8BAD} = {4C72F5DE-D641-4957-B4CE-4E86BC421E5C}
		{40C5EEF5-6959-4970-82E2-21F81B3CAC45} = {4C72F5DE-D641-4957-B4CE-4E86BC421E5C}
		{E85B682D-BAE9-48E6-A48F-0510C082F0AB} = {4C72F5DE-D641-4957-B4CE-4E86BC421E5C}
		{92CAB75A-8BFD-45BB-962C-6273CFE99CC8} = {31FB8709-1BBB-4405-B081-E972A0BDAEAB}
		{A33E0759-4B7A-47F6-BA28-3DE460A5D9D8} = {31FB8709-1BBB-4405-B081-E972A0BDAEAB}
		{BEBA0356-F041-43A8-B7B2-5D82475E6256} = {31FB8709-1BBB-4405-B081-E972A0BDAEAB}
		{4F9D46B7-DDE5-4BB0-B27D-BD4408942921} = {AF78B493-A075-400D-9161-E324020F117D}
		{41AA9D2D-388E-4EEE-9E9C-926104ED2282} = {AF78B493-A075-400D-9161-E324020F117D}
		{1C29B334-FA6F-4E5A-BAA2-F867B94F9938} = {AF78B493-A075-400D-9161-E324020F117D}
	EndGlobalSection
	GlobalSection(ExtensibilityGlobals) = postSolution
		SolutionGuid = {44CD977A-799E-4A5C-9C59-EE4F20B69B43}
	EndGlobalSection
EndGlobal
